
Microsoft Visual Studio Solution File, Format Version 12.00
# Visual Studio Version 17
VisualStudioVersion = 17.0.32014.148
MinimumVisualStudioVersion = 10.0.40219.1
Project("{9A19103F-16F7-4668-BE54-9A1E7A4F7556}") = "01_AspNetMVC", "01_AspNetMVC\01_AspNetMVC.csproj", "{FC5C85A1-246E-4487-95B3-2FF8C3A69E75}"
EndProject
Project("{FAE04EC0-301F-11D3-BF4B-00C04F79EFBC}") = "02_Blazor", "02_Blazor\02_Blazor.csproj", "{3A5AA82A-DA51-4A29-BAE6-EFBDD5E0AB74}"
EndProject
Global
	GlobalSection(SolutionConfigurationPlatforms) = preSolution
		Debug|Any CPU = Debug|Any CPU
		Release|Any CPU = Release|Any CPU
	EndGlobalSection
	GlobalSection(ProjectConfigurationPlatforms) = postSolution
		{FC5C85A1-246E-4487-95B3-2FF8C3A69E75}.Debug|Any CPU.ActiveCfg = Debug|Any CPU
		{FC5C85A1-246E-4487-95B3-2FF8C3A69E75}.Debug|Any CPU.Build.0 = Debug|Any CPU
		{FC5C85A1-246E-4487-95B3-2FF8C3A69E75}.Release|Any CPU.ActiveCfg = Release|Any CPU
		{FC5C85A1-246E-4487-95B3-2FF8C3A69E75}.Release|Any CPU.Build.0 = Release|Any CPU
		{3A5AA82A-DA51-4A29-BAE6-EFBDD5E0AB74}.Debug|Any CPU.ActiveCfg = Debug|Any CPU
		{3A5AA82A-DA51-4A29-BAE6-EFBDD5E0AB74}.Debug|Any CPU.Build.0 = Debug|Any CPU
		{3A5AA82A-DA51-4A29-BAE6-EFBDD5E0AB74}.Release|Any CPU.ActiveCfg = Release|Any CPU
		{3A5AA82A-DA51-4A29-BAE6-EFBDD5E0AB74}.Release|Any CPU.Build.0 = Release|Any CPU
	EndGlobalSection
	GlobalSection(SolutionProperties) = preSolution
		HideSolutionNode = FALSE
	EndGlobalSection
	GlobalSection(ExtensibilityGlobals) = postSolution
		SolutionGuid = {49F42344-6B2E-4919-BA27-34612DFD9125}
	EndGlobalSection
EndGlobal
