
Microsoft Visual Studio Solution File, Format Version 12.00
# Visual Studio Version 17
VisualStudioVersion = 17.0.32112.339
MinimumVisualStudioVersion = 10.0.40219.1
Project("{FAE04EC0-301F-11D3-BF4B-00C04F79EFBC}") = "01_WebApi.WithApiKey", "01_WebApi.WithApiKey\01_WebApi.WithApiKey.csproj", "{39177980-9567-4561-B1B1-5EC3AD113071}"
EndProject
Project("{FAE04EC0-301F-11D3-BF4B-00C04F79EFBC}") = "02_WebApi.WithAuthentication", "02_WebApi.WithAuthentication\02_WebApi.WithAuthentication.csproj", "{44D6BF5C-C482-46A7-A9E7-D6B11DD08152}"
EndProject
Global
	GlobalSection(SolutionConfigurationPlatforms) = preSolution
		Debug|Any CPU = Debug|Any CPU
		Release|Any CPU = Release|Any CPU
	EndGlobalSection
	GlobalSection(ProjectConfigurationPlatforms) = postSolution
		{39177980-9567-4561-B1B1-5EC3AD113071}.Debug|Any CPU.ActiveCfg = Debug|Any CPU
		{39177980-9567-4561-B1B1-5EC3AD113071}.Debug|Any CPU.Build.0 = Debug|Any CPU
		{39177980-9567-4561-B1B1-5EC3AD113071}.Release|Any CPU.ActiveCfg = Release|Any CPU
		{39177980-9567-4561-B1B1-5EC3AD113071}.Release|Any CPU.Build.0 = Release|Any CPU
		{44D6BF5C-C482-46A7-A9E7-D6B11DD08152}.Debug|Any CPU.ActiveCfg = Debug|Any CPU
		{44D6BF5C-C482-46A7-A9E7-D6B11DD08152}.Debug|Any CPU.Build.0 = Debug|Any CPU
		{44D6BF5C-C482-46A7-A9E7-D6B11DD08152}.Release|Any CPU.ActiveCfg = Release|Any CPU
		{44D6BF5C-C482-46A7-A9E7-D6B11DD08152}.Release|Any CPU.Build.0 = Release|Any CPU
	EndGlobalSection
	GlobalSection(SolutionProperties) = preSolution
		HideSolutionNode = FALSE
	EndGlobalSection
	GlobalSection(ExtensibilityGlobals) = postSolution
		SolutionGuid = {0E6D901E-0F76-44F5-BADC-655A329511E6}
	EndGlobalSection
EndGlobal
