
Microsoft Visual Studio Solution File, Format Version 12.00
# Visual Studio Version 17
VisualStudioVersion = 17.0.32112.339
MinimumVisualStudioVersion = 10.0.40219.1
Project("{9A19103F-16F7-4668-BE54-9A1E7A4F7556}") = "01_LocalIdentity_Extended", "01_LocalIdentity_Extended\01_LocalIdentity_Extended.csproj", "{C15EA55C-FD2A-4766-83D0-79CDACC9BFF2}"
EndProject
Project("{9A19103F-16F7-4668-BE54-9A1E7A4F7556}") = "02_WebApi_AuthKey", "02_WebApi_AuthKey\02_WebApi_AuthKey.csproj", "{B1FE6EA3-49C6-4142-BD2F-E00BA3A32B3B}"
EndProject
Project("{FAE04EC0-301F-11D3-BF4B-00C04F79EFBC}") = "03_ConsumeWebApi.Blazor", "03_ConsumeWebApi.Blazor\03_ConsumeWebApi.Blazor.csproj", "{A7C7CA62-4BDF-4526-866C-46DEA95FBCFB}"
EndProject
Project("{FAE04EC0-301F-11D3-BF4B-00C04F79EFBC}") = "03_ConsumeWebApi.AspNetCoreMVC", "03_ConsumeWebApi.AspNetCoreMVC\03_ConsumeWebApi.AspNetCoreMVC.csproj", "{077C8DB7-B16F-4624-8280-82AD32567B8F}"
EndProject
Global
	GlobalSection(SolutionConfigurationPlatforms) = preSolution
		Debug|Any CPU = Debug|Any CPU
		Release|Any CPU = Release|Any CPU
	EndGlobalSection
	GlobalSection(ProjectConfigurationPlatforms) = postSolution
		{C15EA55C-FD2A-4766-83D0-79CDACC9BFF2}.Debug|Any CPU.ActiveCfg = Debug|Any CPU
		{C15EA55C-FD2A-4766-83D0-79CDACC9BFF2}.Debug|Any CPU.Build.0 = Debug|Any CPU
		{C15EA55C-FD2A-4766-83D0-79CDACC9BFF2}.Release|Any CPU.ActiveCfg = Release|Any CPU
		{C15EA55C-FD2A-4766-83D0-79CDACC9BFF2}.Release|Any CPU.Build.0 = Release|Any CPU
		{B1FE6EA3-49C6-4142-BD2F-E00BA3A32B3B}.Debug|Any CPU.ActiveCfg = Debug|Any CPU
		{B1FE6EA3-49C6-4142-BD2F-E00BA3A32B3B}.Debug|Any CPU.Build.0 = Debug|Any CPU
		{B1FE6EA3-49C6-4142-BD2F-E00BA3A32B3B}.Release|Any CPU.ActiveCfg = Release|Any CPU
		{B1FE6EA3-49C6-4142-BD2F-E00BA3A32B3B}.Release|Any CPU.Build.0 = Release|Any CPU
		{A7C7CA62-4BDF-4526-866C-46DEA95FBCFB}.Debug|Any CPU.ActiveCfg = Debug|Any CPU
		{A7C7CA62-4BDF-4526-866C-46DEA95FBCFB}.Debug|Any CPU.Build.0 = Debug|Any CPU
		{A7C7CA62-4BDF-4526-866C-46DEA95FBCFB}.Release|Any CPU.ActiveCfg = Release|Any CPU
		{A7C7CA62-4BDF-4526-866C-46DEA95FBCFB}.Release|Any CPU.Build.0 = Release|Any CPU
		{077C8DB7-B16F-4624-8280-82AD32567B8F}.Debug|Any CPU.ActiveCfg = Debug|Any CPU
		{077C8DB7-B16F-4624-8280-82AD32567B8F}.Debug|Any CPU.Build.0 = Debug|Any CPU
		{077C8DB7-B16F-4624-8280-82AD32567B8F}.Release|Any CPU.ActiveCfg = Release|Any CPU
		{077C8DB7-B16F-4624-8280-82AD32567B8F}.Release|Any CPU.Build.0 = Release|Any CPU
	EndGlobalSection
	GlobalSection(SolutionProperties) = preSolution
		HideSolutionNode = FALSE
	EndGlobalSection
	GlobalSection(ExtensibilityGlobals) = postSolution
		SolutionGuid = {E42BCD52-DD1F-478E-83BF-FE60D0813015}
	EndGlobalSection
EndGlobal
