
Microsoft Visual Studio Solution File, Format Version 12.00
# Visual Studio Version 17
VisualStudioVersion = 17.0.32014.148
MinimumVisualStudioVersion = 10.0.40219.1
Project("{FAE04EC0-301F-11D3-BF4B-00C04F79EFBC}") = "01_AspNetMVC", "01_AspNetMVC\01_AspNetMVC.csproj", "{8A2266C2-D26D-4A24-A3E7-027DDC3C0F17}"
EndProject
Global
	GlobalSection(SolutionConfigurationPlatforms) = preSolution
		Debug|Any CPU = Debug|Any CPU
		Release|Any CPU = Release|Any CPU
	EndGlobalSection
	GlobalSection(ProjectConfigurationPlatforms) = postSolution
		{8A2266C2-D26D-4A24-A3E7-027DDC3C0F17}.Debug|Any CPU.ActiveCfg = Debug|Any CPU
		{8A2266C2-D26D-4A24-A3E7-027DDC3C0F17}.Debug|Any CPU.Build.0 = Debug|Any CPU
		{8A2266C2-D26D-4A24-A3E7-027DDC3C0F17}.Release|Any CPU.ActiveCfg = Release|Any CPU
		{8A2266C2-D26D-4A24-A3E7-027DDC3C0F17}.Release|Any CPU.Build.0 = Release|Any CPU
	EndGlobalSection
	GlobalSection(SolutionProperties) = preSolution
		HideSolutionNode = FALSE
	EndGlobalSection
	GlobalSection(ExtensibilityGlobals) = postSolution
		SolutionGuid = {4F92620E-AEF5-453C-BFD1-669DE13600F2}
	EndGlobalSection
EndGlobal
